
Microsoft Visual Studio Solution File, Format Version 12.00
# Visual Studio Version 16
VisualStudioVersion = 16.0.30503.244
MinimumVisualStudioVersion = 10.0.40219.1
Project("{8BC9CEB8-8B4A-11D0-8D11-00A0C91BC942}") = "HelloWorld", "Project1\Project1.vcxproj", "{66A0247A-8C21-4A43-85C5-00225C20161A}"
EndProject
Project("{8BC9CEB8-8B4A-11D0-8D11-00A0C91BC942}") = "lcof44", "lcof44\lcof44.vcxproj", "{4AADB4AA-48F4-4433-8A62-C46EB9FA6FD2}"
EndProject
Project("{8BC9CEB8-8B4A-11D0-8D11-00A0C91BC942}") = "lcof45", "lcof45\lcof45.vcxproj", "{DFD88596-6584-4592-A387-600CF09FC048}"
EndProject
Project("{8BC9CEB8-8B4A-11D0-8D11-00A0C91BC942}") = "lcof46", "lcof46\lcof46.vcxproj", "{45CBE22D-A7C9-4B1E-8342-1C8194786EF3}"
EndProject
Global
	GlobalSection(SolutionConfigurationPlatforms) = preSolution
		Debug|x64 = Debug|x64
		Debug|x86 = Debug|x86
		Release|x64 = Release|x64
		Release|x86 = Release|x86
	EndGlobalSection
	GlobalSection(ProjectConfigurationPlatforms) = postSolution
		{66A0247A-8C21-4A43-85C5-00225C20161A}.Debug|x64.ActiveCfg = Debug|x64
		{66A0247A-8C21-4A43-85C5-00225C20161A}.Debug|x64.Build.0 = Debug|x64
		{66A0247A-8C21-4A43-85C5-00225C20161A}.Debug|x86.ActiveCfg = Debug|Win32
		{66A0247A-8C21-4A43-85C5-00225C20161A}.Debug|x86.Build.0 = Debug|Win32
		{66A0247A-8C21-4A43-85C5-00225C20161A}.Release|x64.ActiveCfg = Release|x64
		{66A0247A-8C21-4A43-85C5-00225C20161A}.Release|x64.Build.0 = Release|x64
		{66A0247A-8C21-4A43-85C5-00225C20161A}.Release|x86.ActiveCfg = Release|Win32
		{66A0247A-8C21-4A43-85C5-00225C20161A}.Release|x86.Build.0 = Release|Win32
		{4AADB4AA-48F4-4433-8A62-C46EB9FA6FD2}.Debug|x64.ActiveCfg = Debug|x64
		{4AADB4AA-48F4-4433-8A62-C46EB9FA6FD2}.Debug|x64.Build.0 = Debug|x64
		{4AADB4AA-48F4-4433-8A62-C46EB9FA6FD2}.Debug|x86.ActiveCfg = Debug|Win32
		{4AADB4AA-48F4-4433-8A62-C46EB9FA6FD2}.Debug|x86.Build.0 = Debug|Win32
		{4AADB4AA-48F4-4433-8A62-C46EB9FA6FD2}.Release|x64.ActiveCfg = Release|x64
		{4AADB4AA-48F4-4433-8A62-C46EB9FA6FD2}.Release|x64.Build.0 = Release|x64
		{4AADB4AA-48F4-4433-8A62-C46EB9FA6FD2}.Release|x86.ActiveCfg = Release|Win32
		{4AADB4AA-48F4-4433-8A62-C46EB9FA6FD2}.Release|x86.Build.0 = Release|Win32
		{DFD88596-6584-4592-A387-600CF09FC048}.Debug|x64.ActiveCfg = Debug|x64
		{DFD88596-6584-4592-A387-600CF09FC048}.Debug|x64.Build.0 = Debug|x64
		{DFD88596-6584-4592-A387-600CF09FC048}.Debug|x86.ActiveCfg = Debug|Win32
		{DFD88596-6584-4592-A387-600CF09FC048}.Debug|x86.Build.0 = Debug|Win32
		{DFD88596-6584-4592-A387-600CF09FC048}.Release|x64.ActiveCfg = Release|x64
		{DFD88596-6584-4592-A387-600CF09FC048}.Release|x64.Build.0 = Release|x64
		{DFD88596-6584-4592-A387-600CF09FC048}.Release|x86.ActiveCfg = Release|Win32
		{DFD88596-6584-4592-A387-600CF09FC048}.Release|x86.Build.0 = Release|Win32
		{45CBE22D-A7C9-4B1E-8342-1C8194786EF3}.Debug|x64.ActiveCfg = Debug|x64
		{45CBE22D-A7C9-4B1E-8342-1C8194786EF3}.Debug|x64.Build.0 = Debug|x64
		{45CBE22D-A7C9-4B1E-8342-1C8194786EF3}.Debug|x86.ActiveCfg = Debug|Win32
		{45CBE22D-A7C9-4B1E-8342-1C8194786EF3}.Debug|x86.Build.0 = Debug|Win32
		{45CBE22D-A7C9-4B1E-8342-1C8194786EF3}.Release|x64.ActiveCfg = Release|x64
		{45CBE22D-A7C9-4B1E-8342-1C8194786EF3}.Release|x64.Build.0 = Release|x64
		{45CBE22D-A7C9-4B1E-8342-1C8194786EF3}.Release|x86.ActiveCfg = Release|Win32
		{45CBE22D-A7C9-4B1E-8342-1C8194786EF3}.Release|x86.Build.0 = Release|Win32
	EndGlobalSection
	GlobalSection(SolutionProperties) = preSolution
		HideSolutionNode = FALSE
	EndGlobalSection
	GlobalSection(ExtensibilityGlobals) = postSolution
		SolutionGuid = {3D34AB85-AF63-40AC-BAA3-CA696E319D4A}
	EndGlobalSection
EndGlobal
